
Microsoft Visual Studio Solution File, Format Version 12.00
# Visual Studio Version 17
VisualStudioVersion = 17.8.34330.188
MinimumVisualStudioVersion = 10.0.40219.1
Project("{FAE04EC0-301F-11D3-BF4B-00C04F79EFBC}") = "MoneySummary", "MoneySummary\MoneySummary.csproj", "{67D68FEF-EEA9-4C45-B213-49E74006E746}"
EndProject
Global
	GlobalSection(SolutionConfigurationPlatforms) = preSolution
		Debug|Any CPU = Debug|Any CPU
		Release|Any CPU = Release|Any CPU
	EndGlobalSection
	GlobalSection(ProjectConfigurationPlatforms) = postSolution
		{67D68FEF-EEA9-4C45-B213-49E74006E746}.Debug|Any CPU.ActiveCfg = Debug|Any CPU
		{67D68FEF-EEA9-4C45-B213-49E74006E746}.Debug|Any CPU.Build.0 = Debug|Any CPU
		{67D68FEF-EEA9-4C45-B213-49E74006E746}.Release|Any CPU.ActiveCfg = Release|Any CPU
		{67D68FEF-EEA9-4C45-B213-49E74006E746}.Release|Any CPU.Build.0 = Release|Any CPU
	EndGlobalSection
	GlobalSection(SolutionProperties) = preSolution
		HideSolutionNode = FALSE
	EndGlobalSection
	GlobalSection(ExtensibilityGlobals) = postSolution
		SolutionGuid = {0DC4A418-D351-4CBC-B3B7-C0B1B8A08DB7}
	EndGlobalSection
EndGlobal
